{
  "requires": true,
  "lockfileVersion": 1,
  "dependencies": {
    "clone-regexp": {
      "version": "2.2.0",
      "resolved": "https://registry.npmjs.org/clone-regexp/-/clone-regexp-2.2.0.tgz",
      "integrity": "sha512-beMpP7BOtTipFuW8hrJvREQ2DrRu3BE7by0ZpibtfBA+qfHYvMGTc2Yb1JMYPKg/JUw0CHYvpg796aNTSW9z7Q==",
      "requires": {
        "is-regexp": "^2.0.0"
      }
    },
    "is-regexp": {
      "version": "2.1.0",
      "resolved": "https://registry.npmjs.org/is-regexp/-/is-regexp-2.1.0.tgz",
      "integrity": "sha512-OZ4IlER3zmRIoB9AqNhEggVxqIH4ofDns5nRrPS6yQxXE1TPCUpFznBfRQmQa8uC+pXqjMnukiJBxCisIxiLGA=="
    },
    "vue-text-highlight": {
      "version": "2.0.6",
      "resolved": "https://registry.npmjs.org/vue-text-highlight/-/vue-text-highlight-2.0.6.tgz",
      "integrity": "sha512-pr7evANpBjxmzsKFgHPp9O6pqX/9yYPSexXB7c6gGRiXIdqoTsrP7sl2VpBfxSawUtrb98JCuFCYo80IOdWp1w==",
      "requires": {
        "clone-regexp": "^2.1.0"
      }
    }
  }
}
