{
  "requires": true,
  "lockfileVersion": 1,
  "dependencies": {
    "vue": {
      "version": "2.6.10",
      "resolved": "https://registry.npmjs.org/vue/-/vue-2.6.10.tgz",
      "integrity": "sha512-ImThpeNU9HbdZL3utgMCq0oiMzAkt1mcgy3/E6zWC/G6AaQoeuFdsl9nDhTDU3X1R6FK7nsIUuRACVcjI+A2GQ=="
    },
    "vue-full-loading": {
      "version": "1.2.1",
      "resolved": "https://registry.npmjs.org/vue-full-loading/-/vue-full-loading-1.2.1.tgz",
      "integrity": "sha512-zD5bi2zsmrowQJIg8pF6NThNvnmzDeCg9gtfAH9c+lC3nCHlrxmpYHhi75TQmS3m0myKK17M/Lk25kgZEfgswQ==",
      "requires": {
        "vue": "^2.2.1"
      }
    }
  }
}
