{
  "requires": true,
  "lockfileVersion": 1,
  "dependencies": {
    "dropzone": {
      "version": "5.5.1",
      "resolved": "https://registry.npmjs.org/dropzone/-/dropzone-5.5.1.tgz",
      "integrity": "sha512-3VduRWLxx9hbVr42QieQN25mx/I61/mRdUSuxAmDGdDqZIN8qtP7tcKMa3KfpJjuGjOJGYYUzzeq6eGDnkzesA=="
    },
    "vue2-dropzone": {
      "version": "3.5.9",
      "resolved": "https://registry.npmjs.org/vue2-dropzone/-/vue2-dropzone-3.5.9.tgz",
      "integrity": "sha512-nJz6teulVKlZIAeKgvPU7wBI/gzfIgqDOrEp1okSkQIkdprDVCoM0U7XWM0NOM4AAVX+4XGRtMoocYWdTYb3bQ==",
      "requires": {
        "dropzone": "^5.5.1"
      }
    }
  }
}
