{
  "requires": true,
  "lockfileVersion": 1,
  "dependencies": {
    "vue-progressbar": {
      "version": "0.7.5",
      "resolved": "https://registry.npmjs.org/vue-progressbar/-/vue-progressbar-0.7.5.tgz",
      "integrity": "sha512-VeNG/inMsFbvdCTS7lJ1gjDAKSUZdqkhW9gS1tb0we1rqFKxR+BCEiVUgw5C84vODKb14M2GWHTw0WVdpoVg6g=="
    }
  }
}
