{
  "requires": true,
  "lockfileVersion": 1,
  "dependencies": {
    "vue": {
      "version": "2.6.10",
      "resolved": "https://registry.npmjs.org/vue/-/vue-2.6.10.tgz",
      "integrity": "sha512-ImThpeNU9HbdZL3utgMCq0oiMzAkt1mcgy3/E6zWC/G6AaQoeuFdsl9nDhTDU3X1R6FK7nsIUuRACVcjI+A2GQ=="
    },
    "vue-scroller": {
      "version": "2.2.4",
      "resolved": "https://registry.npmjs.org/vue-scroller/-/vue-scroller-2.2.4.tgz",
      "integrity": "sha1-wopQ8uXs161g5Dzk6484iG/3sc8=",
      "requires": {
        "vue": "^2.2.6"
      }
    }
  }
}
